
Microsoft Visual Studio Solution File, Format Version 12.00
# Visual Studio 15
VisualStudioVersion = 15.0.33529.398
MinimumVisualStudioVersion = 10.0.40219.1
Project("{FAE04EC0-301F-11D3-BF4B-00C04F79EFBC}") = "RepositTest", "RepositTest\RepositTest.csproj", "{B2F04336-C62D-41FD-A771-51C110984FB1}"
EndProject
Global
	GlobalSection(SolutionConfigurationPlatforms) = preSolution
		Debug|Any CPU = Debug|Any CPU
		Release|Any CPU = Release|Any CPU
	EndGlobalSection
	GlobalSection(ProjectConfigurationPlatforms) = postSolution
		{B2F04336-C62D-41FD-A771-51C110984FB1}.Debug|Any CPU.ActiveCfg = Debug|Any CPU
		{B2F04336-C62D-41FD-A771-51C110984FB1}.Debug|Any CPU.Build.0 = Debug|Any CPU
		{B2F04336-C62D-41FD-A771-51C110984FB1}.Release|Any CPU.ActiveCfg = Release|Any CPU
		{B2F04336-C62D-41FD-A771-51C110984FB1}.Release|Any CPU.Build.0 = Release|Any CPU
	EndGlobalSection
	GlobalSection(SolutionProperties) = preSolution
		HideSolutionNode = FALSE
	EndGlobalSection
	GlobalSection(ExtensibilityGlobals) = postSolution
		SolutionGuid = {395CCBD9-49DE-4959-BEB6-37B6D88D6E40}
	EndGlobalSection
EndGlobal
